
Microsoft Visual Studio Solution File, Format Version 12.00
# Visual Studio Version 17
VisualStudioVersion = 17.14.36518.9 d17.14
MinimumVisualStudioVersion = 10.0.40219.1
Project("{FAE04EC0-301F-11D3-BF4B-00C04F79EFBC}") = "LeetCode", "LeetCode.csproj", "{FE333827-F9BD-4754-8C19-A723998643BC}"
EndProject
Global
	GlobalSection(SolutionConfigurationPlatforms) = preSolution
		Debug|Any CPU = Debug|Any CPU
		Release|Any CPU = Release|Any CPU
	EndGlobalSection
	GlobalSection(ProjectConfigurationPlatforms) = postSolution
		{FE333827-F9BD-4754-8C19-A723998643BC}.Debug|Any CPU.ActiveCfg = Debug|Any CPU
		{FE333827-F9BD-4754-8C19-A723998643BC}.Debug|Any CPU.Build.0 = Debug|Any CPU
		{FE333827-F9BD-4754-8C19-A723998643BC}.Release|Any CPU.ActiveCfg = Release|Any CPU
		{FE333827-F9BD-4754-8C19-A723998643BC}.Release|Any CPU.Build.0 = Release|Any CPU
	EndGlobalSection
	GlobalSection(SolutionProperties) = preSolution
		HideSolutionNode = FALSE
	EndGlobalSection
	GlobalSection(ExtensibilityGlobals) = postSolution
		SolutionGuid = {034331E3-F449-4604-99FC-5BA951464ED8}
	EndGlobalSection
EndGlobal
